
Microsoft Visual Studio Solution File, Format Version 12.00
# Visual Studio 15
VisualStudioVersion = 15.0.28307.902
MinimumVisualStudioVersion = 10.0.40219.1
Project("{FAE04EC0-301F-11D3-BF4B-00C04F79EFBC}") = "LaundryLog.Web", "LaundryLog.Web\LaundryLog.Web.csproj", "{349E1F7C-9A8C-45D7-8B55-62C82B3AFAE5}"
EndProject
Global
	GlobalSection(SolutionConfigurationPlatforms) = preSolution
		Debug|Any CPU = Debug|Any CPU
		Release|Any CPU = Release|Any CPU
	EndGlobalSection
	GlobalSection(ProjectConfigurationPlatforms) = postSolution
		{349E1F7C-9A8C-45D7-8B55-62C82B3AFAE5}.Debug|Any CPU.ActiveCfg = Debug|Any CPU
		{349E1F7C-9A8C-45D7-8B55-62C82B3AFAE5}.Debug|Any CPU.Build.0 = Debug|Any CPU
		{349E1F7C-9A8C-45D7-8B55-62C82B3AFAE5}.Release|Any CPU.ActiveCfg = Release|Any CPU
		{349E1F7C-9A8C-45D7-8B55-62C82B3AFAE5}.Release|Any CPU.Build.0 = Release|Any CPU
	EndGlobalSection
	GlobalSection(SolutionProperties) = preSolution
		HideSolutionNode = FALSE
	EndGlobalSection
	GlobalSection(ExtensibilityGlobals) = postSolution
		SolutionGuid = {C2156F8D-2F3F-4346-B6E5-40813F1AB2E6}
	EndGlobalSection
EndGlobal
